{
  "name": "get-alinafe",
  "version": "1.0.0",
  "lockfileVersion": 1,
  "requires": true,
  "dependencies": {
    "logrocket": {
      "version": "1.0.6",
      "resolved": "https://registry.npmjs.org/logrocket/-/logrocket-1.0.6.tgz",
      "integrity": "sha512-uIi0F+s44AtuJocUAW019SYKsPnnV/IB3IRsL0LFYY4fAfjGQjpcpxXt80yPpkBQkoHW1h5wHYoixs8ZU1MPZg=="
    },
    "nodemailer": {
      "version": "6.4.2",
      "resolved": "https://registry.npmjs.org/nodemailer/-/nodemailer-6.4.2.tgz",
      "integrity": "sha512-g0n4nH1ONGvqYo1v72uSWvF/MRNnnq1LzmSzXb/6EPF3LFb51akOhgG3K2+aETAsJx90/Q5eFNTntu4vBCwyQQ=="
    }
  }
}
